
Microsoft Visual Studio Solution File, Format Version 12.00
# Visual Studio Version 16
VisualStudioVersion = 16.0.31613.86
MinimumVisualStudioVersion = 10.0.40219.1
Project("{FAE04EC0-301F-11D3-BF4B-00C04F79EFBC}") = "Module3HW6", "Module3HW6\Module3HW6.csproj", "{D52EDD62-992C-4B20-9A3D-23ED07B7753C}"
EndProject
Global
	GlobalSection(SolutionConfigurationPlatforms) = preSolution
		Debug|Any CPU = Debug|Any CPU
		Release|Any CPU = Release|Any CPU
	EndGlobalSection
	GlobalSection(ProjectConfigurationPlatforms) = postSolution
		{D52EDD62-992C-4B20-9A3D-23ED07B7753C}.Debug|Any CPU.ActiveCfg = Debug|Any CPU
		{D52EDD62-992C-4B20-9A3D-23ED07B7753C}.Debug|Any CPU.Build.0 = Debug|Any CPU
		{D52EDD62-992C-4B20-9A3D-23ED07B7753C}.Release|Any CPU.ActiveCfg = Release|Any CPU
		{D52EDD62-992C-4B20-9A3D-23ED07B7753C}.Release|Any CPU.Build.0 = Release|Any CPU
	EndGlobalSection
	GlobalSection(SolutionProperties) = preSolution
		HideSolutionNode = FALSE
	EndGlobalSection
	GlobalSection(ExtensibilityGlobals) = postSolution
		SolutionGuid = {A6A17CDB-6738-4FCA-98F9-C2487D22B8DF}
	EndGlobalSection
EndGlobal
